
Microsoft Visual Studio Solution File, Format Version 12.00
# Visual Studio Version 16
VisualStudioVersion = 16.0.31112.23
MinimumVisualStudioVersion = 10.0.40219.1
Project("{9A19103F-16F7-4668-BE54-9A1E7A4F7556}") = "VaiVoa.Api", "VaiVoa.Api\VaiVoa.Api.csproj", "{8C859E04-F70F-43C7-8F21-950388657271}"
	ProjectSection(ProjectDependencies) = postProject
		{CBF16F5A-23E3-47AA-8A03-8BC200A8B5A1} = {CBF16F5A-23E3-47AA-8A03-8BC200A8B5A1}
		{876CF194-12CF-4275-968A-85F492832C42} = {876CF194-12CF-4275-968A-85F492832C42}
	EndProjectSection
EndProject
Project("{9A19103F-16F7-4668-BE54-9A1E7A4F7556}") = "VaiVoa.Domain", "VaiVoa.Domain\VaiVoa.Domain.csproj", "{CBF16F5A-23E3-47AA-8A03-8BC200A8B5A1}"
EndProject
Project("{9A19103F-16F7-4668-BE54-9A1E7A4F7556}") = "VaiVoa.Infra", "VaiVoa.Infra\VaiVoa.Infra.csproj", "{876CF194-12CF-4275-968A-85F492832C42}"
EndProject
Project("{2150E333-8FDC-42A3-9474-1A3956D46DE8}") = "Scripts", "Scripts", "{F0FF009E-8B87-4447-9313-A8B638999AF3}"
	ProjectSection(SolutionItems) = preProject
		cadastro-autor.sql = cadastro-autor.sql
	EndProjectSection
EndProject
Global
	GlobalSection(SolutionConfigurationPlatforms) = preSolution
		Debug|Any CPU = Debug|Any CPU
		Release|Any CPU = Release|Any CPU
	EndGlobalSection
	GlobalSection(ProjectConfigurationPlatforms) = postSolution
		{8C859E04-F70F-43C7-8F21-950388657271}.Debug|Any CPU.ActiveCfg = Debug|Any CPU
		{8C859E04-F70F-43C7-8F21-950388657271}.Debug|Any CPU.Build.0 = Debug|Any CPU
		{8C859E04-F70F-43C7-8F21-950388657271}.Release|Any CPU.ActiveCfg = Release|Any CPU
		{8C859E04-F70F-43C7-8F21-950388657271}.Release|Any CPU.Build.0 = Release|Any CPU
		{CBF16F5A-23E3-47AA-8A03-8BC200A8B5A1}.Debug|Any CPU.ActiveCfg = Debug|Any CPU
		{CBF16F5A-23E3-47AA-8A03-8BC200A8B5A1}.Debug|Any CPU.Build.0 = Debug|Any CPU
		{CBF16F5A-23E3-47AA-8A03-8BC200A8B5A1}.Release|Any CPU.ActiveCfg = Release|Any CPU
		{CBF16F5A-23E3-47AA-8A03-8BC200A8B5A1}.Release|Any CPU.Build.0 = Release|Any CPU
		{876CF194-12CF-4275-968A-85F492832C42}.Debug|Any CPU.ActiveCfg = Debug|Any CPU
		{876CF194-12CF-4275-968A-85F492832C42}.Debug|Any CPU.Build.0 = Debug|Any CPU
		{876CF194-12CF-4275-968A-85F492832C42}.Release|Any CPU.ActiveCfg = Release|Any CPU
		{876CF194-12CF-4275-968A-85F492832C42}.Release|Any CPU.Build.0 = Release|Any CPU
	EndGlobalSection
	GlobalSection(SolutionProperties) = preSolution
		HideSolutionNode = FALSE
	EndGlobalSection
	GlobalSection(ExtensibilityGlobals) = postSolution
		SolutionGuid = {8F52299B-E333-4EB9-8FA7-3ED7D52651B7}
	EndGlobalSection
EndGlobal
