
Microsoft Visual Studio Solution File, Format Version 12.00
# Visual Studio Version 16
VisualStudioVersion = 16.0.31112.23
MinimumVisualStudioVersion = 10.0.40219.1
Project("{FAE04EC0-301F-11D3-BF4B-00C04F79EFBC}") = "VaiVoa.Api", "VaiVoa.Api\VaiVoa.Api.csproj", "{8C859E04-F70F-43C7-8F21-950388657271}"
EndProject
Global
	GlobalSection(SolutionConfigurationPlatforms) = preSolution
		Debug|Any CPU = Debug|Any CPU
		Release|Any CPU = Release|Any CPU
	EndGlobalSection
	GlobalSection(ProjectConfigurationPlatforms) = postSolution
		{8C859E04-F70F-43C7-8F21-950388657271}.Debug|Any CPU.ActiveCfg = Debug|Any CPU
		{8C859E04-F70F-43C7-8F21-950388657271}.Debug|Any CPU.Build.0 = Debug|Any CPU
		{8C859E04-F70F-43C7-8F21-950388657271}.Release|Any CPU.ActiveCfg = Release|Any CPU
		{8C859E04-F70F-43C7-8F21-950388657271}.Release|Any CPU.Build.0 = Release|Any CPU
	EndGlobalSection
	GlobalSection(SolutionProperties) = preSolution
		HideSolutionNode = FALSE
	EndGlobalSection
	GlobalSection(ExtensibilityGlobals) = postSolution
		SolutionGuid = {8F52299B-E333-4EB9-8FA7-3ED7D52651B7}
	EndGlobalSection
EndGlobal
